
Microsoft Visual Studio Solution File, Format Version 12.00
# Visual Studio Version 17
VisualStudioVersion = 17.11.35312.102
MinimumVisualStudioVersion = 10.0.40219.1
Project("{8BC9CEB8-8B4A-11D0-8D11-00A0C91BC942}") = "FF_Dll", "FF_Dll\FF_Dll.vcxproj", "{940BCE82-0ACC-4D2B-B88F-BD6C1122CAD8}"
EndProject
Project("{8BC9CEB8-8B4A-11D0-8D11-00A0C91BC942}") = "MFC_Inject", "MFC_Inject\MFC_Inject.vcxproj", "{EE67FDBE-AD8B-4BAE-A00D-A45A67FFA922}"
EndProject
Project("{8BC9CEB8-8B4A-11D0-8D11-00A0C91BC942}") = "AutoLoginConsole", "AutoLoginConsole\AutoLoginConsole.vcxproj", "{9D2179AB-2EEB-406D-A96F-AD4BA5E626AB}"
EndProject
Project("{2150E333-8FDC-42A3-9474-1A3956D46DE8}") = "Solution Items", "Solution Items", "{7FF42AFC-6608-4856-B107-07DDC519D8BF}"
	ProjectSection(SolutionItems) = preProject
		.gitignore = .gitignore
	EndProjectSection
EndProject
Global
	GlobalSection(SolutionConfigurationPlatforms) = preSolution
		Debug|x64 = Debug|x64
		Debug|x86 = Debug|x86
		Release|x64 = Release|x64
		Release|x86 = Release|x86
	EndGlobalSection
	GlobalSection(ProjectConfigurationPlatforms) = postSolution
		{940BCE82-0ACC-4D2B-B88F-BD6C1122CAD8}.Debug|x64.ActiveCfg = Debug|x64
		{940BCE82-0ACC-4D2B-B88F-BD6C1122CAD8}.Debug|x64.Build.0 = Debug|x64
		{940BCE82-0ACC-4D2B-B88F-BD6C1122CAD8}.Debug|x86.ActiveCfg = Debug|Win32
		{940BCE82-0ACC-4D2B-B88F-BD6C1122CAD8}.Debug|x86.Build.0 = Debug|Win32
		{940BCE82-0ACC-4D2B-B88F-BD6C1122CAD8}.Release|x64.ActiveCfg = Release|x64
		{940BCE82-0ACC-4D2B-B88F-BD6C1122CAD8}.Release|x64.Build.0 = Release|x64
		{940BCE82-0ACC-4D2B-B88F-BD6C1122CAD8}.Release|x86.ActiveCfg = Release|Win32
		{940BCE82-0ACC-4D2B-B88F-BD6C1122CAD8}.Release|x86.Build.0 = Release|Win32
		{EE67FDBE-AD8B-4BAE-A00D-A45A67FFA922}.Debug|x64.ActiveCfg = Debug|x64
		{EE67FDBE-AD8B-4BAE-A00D-A45A67FFA922}.Debug|x64.Build.0 = Debug|x64
		{EE67FDBE-AD8B-4BAE-A00D-A45A67FFA922}.Debug|x86.ActiveCfg = Debug|Win32
		{EE67FDBE-AD8B-4BAE-A00D-A45A67FFA922}.Debug|x86.Build.0 = Debug|Win32
		{EE67FDBE-AD8B-4BAE-A00D-A45A67FFA922}.Release|x64.ActiveCfg = Release|x64
		{EE67FDBE-AD8B-4BAE-A00D-A45A67FFA922}.Release|x64.Build.0 = Release|x64
		{EE67FDBE-AD8B-4BAE-A00D-A45A67FFA922}.Release|x86.ActiveCfg = Release|Win32
		{EE67FDBE-AD8B-4BAE-A00D-A45A67FFA922}.Release|x86.Build.0 = Release|Win32
		{9D2179AB-2EEB-406D-A96F-AD4BA5E626AB}.Debug|x64.ActiveCfg = Debug|x64
		{9D2179AB-2EEB-406D-A96F-AD4BA5E626AB}.Debug|x64.Build.0 = Debug|x64
		{9D2179AB-2EEB-406D-A96F-AD4BA5E626AB}.Debug|x86.ActiveCfg = Debug|Win32
		{9D2179AB-2EEB-406D-A96F-AD4BA5E626AB}.Debug|x86.Build.0 = Debug|Win32
		{9D2179AB-2EEB-406D-A96F-AD4BA5E626AB}.Release|x64.ActiveCfg = Release|x64
		{9D2179AB-2EEB-406D-A96F-AD4BA5E626AB}.Release|x64.Build.0 = Release|x64
		{9D2179AB-2EEB-406D-A96F-AD4BA5E626AB}.Release|x86.ActiveCfg = Release|Win32
		{9D2179AB-2EEB-406D-A96F-AD4BA5E626AB}.Release|x86.Build.0 = Release|Win32
	EndGlobalSection
	GlobalSection(SolutionProperties) = preSolution
		HideSolutionNode = FALSE
	EndGlobalSection
	GlobalSection(ExtensibilityGlobals) = postSolution
		SolutionGuid = {C91A6ED5-DCB6-4E76-B634-5C73A305EEA5}
	EndGlobalSection
EndGlobal
